
Microsoft Visual Studio Solution File, Format Version 12.00
# Visual Studio Version 16
VisualStudioVersion = 16.0.29215.179
MinimumVisualStudioVersion = 10.0.40219.1
Project("{9A19103F-16F7-4668-BE54-9A1E7A4F7556}") = "Helper.Thread", "ThreadHelper\Helper.Thread.csproj", "{F338B1E4-CA20-4BAB-A139-5707CC0B76F0}"
EndProject
Project("{9A19103F-16F7-4668-BE54-9A1E7A4F7556}") = "Tests", "Tests\Tests.csproj", "{73F8C4B8-B791-40EE-9E63-CCEA77E2F86C}"
EndProject
Project("{9A19103F-16F7-4668-BE54-9A1E7A4F7556}") = "Helper.Web", "HttpClient\Helper.Web.csproj", "{17F27F4C-7869-4066-8C75-208FE30AA59E}"
EndProject
Project("{9A19103F-16F7-4668-BE54-9A1E7A4F7556}") = "Helper.Data", "Helper.Data\Helper.Data.csproj", "{32CA887D-CBFE-45C6-86B6-244DE6BAC683}"
EndProject
Project("{9A19103F-16F7-4668-BE54-9A1E7A4F7556}") = "Helper.Authentication", "Helper.Authentication\Helper.Authentication.csproj", "{2EE32F59-8BF7-4121-8A73-B243F3B042AE}"
EndProject
Project("{9A19103F-16F7-4668-BE54-9A1E7A4F7556}") = "Helper.JWT", "Helper.JWT\Helper.JWT.csproj", "{47EAF094-9308-4DA9-9B64-B93DFB1C05F3}"
EndProject
Project("{FAE04EC0-301F-11D3-BF4B-00C04F79EFBC}") = "Helper.Reflection", "Helper.Reflection\Helper.Reflection.csproj", "{3C6F6027-3D7D-482C-95FF-73770DE8FC94}"
EndProject
Project("{FAE04EC0-301F-11D3-BF4B-00C04F79EFBC}") = "Helper.CSV", "Helper.CSV\Helper.CSV.csproj", "{9C7ACA07-79C6-4062-91EA-6EF780F6A8AA}"
EndProject
Project("{FAE04EC0-301F-11D3-BF4B-00C04F79EFBC}") = "Helper.Cache", "Helper.Cache\Helper.Cache.csproj", "{ACBDC723-DE38-4395-9001-C6941FB3B3D4}"
EndProject
Project("{FAE04EC0-301F-11D3-BF4B-00C04F79EFBC}") = "Helper.Extensions", "Helper.Extensions\Helper.Extensions.csproj", "{EA50548B-1084-4E3F-BFA9-B154912060BA}"
EndProject
Global
	GlobalSection(SolutionConfigurationPlatforms) = preSolution
		Debug|Any CPU = Debug|Any CPU
		Release|Any CPU = Release|Any CPU
	EndGlobalSection
	GlobalSection(ProjectConfigurationPlatforms) = postSolution
		{F338B1E4-CA20-4BAB-A139-5707CC0B76F0}.Debug|Any CPU.ActiveCfg = Debug|Any CPU
		{F338B1E4-CA20-4BAB-A139-5707CC0B76F0}.Debug|Any CPU.Build.0 = Debug|Any CPU
		{F338B1E4-CA20-4BAB-A139-5707CC0B76F0}.Release|Any CPU.ActiveCfg = Release|Any CPU
		{F338B1E4-CA20-4BAB-A139-5707CC0B76F0}.Release|Any CPU.Build.0 = Release|Any CPU
		{73F8C4B8-B791-40EE-9E63-CCEA77E2F86C}.Debug|Any CPU.ActiveCfg = Debug|Any CPU
		{73F8C4B8-B791-40EE-9E63-CCEA77E2F86C}.Debug|Any CPU.Build.0 = Debug|Any CPU
		{73F8C4B8-B791-40EE-9E63-CCEA77E2F86C}.Release|Any CPU.ActiveCfg = Release|Any CPU
		{73F8C4B8-B791-40EE-9E63-CCEA77E2F86C}.Release|Any CPU.Build.0 = Release|Any CPU
		{17F27F4C-7869-4066-8C75-208FE30AA59E}.Debug|Any CPU.ActiveCfg = Debug|Any CPU
		{17F27F4C-7869-4066-8C75-208FE30AA59E}.Debug|Any CPU.Build.0 = Debug|Any CPU
		{17F27F4C-7869-4066-8C75-208FE30AA59E}.Release|Any CPU.ActiveCfg = Release|Any CPU
		{17F27F4C-7869-4066-8C75-208FE30AA59E}.Release|Any CPU.Build.0 = Release|Any CPU
		{32CA887D-CBFE-45C6-86B6-244DE6BAC683}.Debug|Any CPU.ActiveCfg = Debug|Any CPU
		{32CA887D-CBFE-45C6-86B6-244DE6BAC683}.Debug|Any CPU.Build.0 = Debug|Any CPU
		{32CA887D-CBFE-45C6-86B6-244DE6BAC683}.Release|Any CPU.ActiveCfg = Release|Any CPU
		{32CA887D-CBFE-45C6-86B6-244DE6BAC683}.Release|Any CPU.Build.0 = Release|Any CPU
		{2EE32F59-8BF7-4121-8A73-B243F3B042AE}.Debug|Any CPU.ActiveCfg = Debug|Any CPU
		{2EE32F59-8BF7-4121-8A73-B243F3B042AE}.Debug|Any CPU.Build.0 = Debug|Any CPU
		{2EE32F59-8BF7-4121-8A73-B243F3B042AE}.Release|Any CPU.ActiveCfg = Release|Any CPU
		{2EE32F59-8BF7-4121-8A73-B243F3B042AE}.Release|Any CPU.Build.0 = Release|Any CPU
		{47EAF094-9308-4DA9-9B64-B93DFB1C05F3}.Debug|Any CPU.ActiveCfg = Debug|Any CPU
		{47EAF094-9308-4DA9-9B64-B93DFB1C05F3}.Debug|Any CPU.Build.0 = Debug|Any CPU
		{47EAF094-9308-4DA9-9B64-B93DFB1C05F3}.Release|Any CPU.ActiveCfg = Release|Any CPU
		{47EAF094-9308-4DA9-9B64-B93DFB1C05F3}.Release|Any CPU.Build.0 = Release|Any CPU
		{3C6F6027-3D7D-482C-95FF-73770DE8FC94}.Debug|Any CPU.ActiveCfg = Debug|Any CPU
		{3C6F6027-3D7D-482C-95FF-73770DE8FC94}.Debug|Any CPU.Build.0 = Debug|Any CPU
		{3C6F6027-3D7D-482C-95FF-73770DE8FC94}.Release|Any CPU.ActiveCfg = Release|Any CPU
		{3C6F6027-3D7D-482C-95FF-73770DE8FC94}.Release|Any CPU.Build.0 = Release|Any CPU
		{9C7ACA07-79C6-4062-91EA-6EF780F6A8AA}.Debug|Any CPU.ActiveCfg = Debug|Any CPU
		{9C7ACA07-79C6-4062-91EA-6EF780F6A8AA}.Debug|Any CPU.Build.0 = Debug|Any CPU
		{9C7ACA07-79C6-4062-91EA-6EF780F6A8AA}.Release|Any CPU.ActiveCfg = Release|Any CPU
		{9C7ACA07-79C6-4062-91EA-6EF780F6A8AA}.Release|Any CPU.Build.0 = Release|Any CPU
		{ACBDC723-DE38-4395-9001-C6941FB3B3D4}.Debug|Any CPU.ActiveCfg = Debug|Any CPU
		{ACBDC723-DE38-4395-9001-C6941FB3B3D4}.Debug|Any CPU.Build.0 = Debug|Any CPU
		{ACBDC723-DE38-4395-9001-C6941FB3B3D4}.Release|Any CPU.ActiveCfg = Release|Any CPU
		{ACBDC723-DE38-4395-9001-C6941FB3B3D4}.Release|Any CPU.Build.0 = Release|Any CPU
		{EA50548B-1084-4E3F-BFA9-B154912060BA}.Debug|Any CPU.ActiveCfg = Debug|Any CPU
		{EA50548B-1084-4E3F-BFA9-B154912060BA}.Debug|Any CPU.Build.0 = Debug|Any CPU
		{EA50548B-1084-4E3F-BFA9-B154912060BA}.Release|Any CPU.ActiveCfg = Release|Any CPU
		{EA50548B-1084-4E3F-BFA9-B154912060BA}.Release|Any CPU.Build.0 = Release|Any CPU
	EndGlobalSection
	GlobalSection(SolutionProperties) = preSolution
		HideSolutionNode = FALSE
	EndGlobalSection
	GlobalSection(ExtensibilityGlobals) = postSolution
		SolutionGuid = {9E3B782A-88CA-4892-B805-33A4BCE2A37F}
	EndGlobalSection
EndGlobal
